// !$*UTF8*$!
{
	archiveVersion = 1;
	classes = {
	};
	objectVersion = 77;
	objects = {

/* Begin PBXContainerItemProxy section */
		BE0CAD062DF4000D00A87C2F /* PBXContainerItemProxy */ = {
			isa = PBXContainerItemProxy;
			containerPortal = BE0CACF02DF4000C00A87C2F /* Project object */;
			proxyType = 1;
			remoteGlobalIDString = BE0CACF72DF4000C00A87C2F;
			remoteInfo = CampusNavigator;
		};
		BE0CAD102DF4000D00A87C2F /* PBXContainerItemProxy */ = {
			isa = PBXContainerItemProxy;
			containerPortal = BE0CACF02DF4000C00A87C2F /* Project object */;
			proxyType = 1;
			remoteGlobalIDString = BE0CACF72DF4000C00A87C2F;
			remoteInfo = CampusNavigator;
		};
/* End PBXContainerItemProxy section */

/* Begin PBXFileReference section */
		BE0CACF82DF4000C00A87C2F /* CampusNavigator.app */ = {isa = PBXFileReference; explicitFileType = wrapper.application; includeInIndex = 0; path = CampusNavigator.app; sourceTree = BUILT_PRODUCTS_DIR; };
		BE0CAD052DF4000D00A87C2F /* CampusNavigatorTests.xctest */ = {isa = PBXFileReference; explicitFileType = wrapper.cfbundle; includeInIndex = 0; path = CampusNavigatorTests.xctest; sourceTree = BUILT_PRODUCTS_DIR; };
		BE0CAD0F2DF4000D00A87C2F /* CampusNavigatorUITests.xctest */ = {isa = PBXFileReference; explicitFileType = wrapper.cfbundle; includeInIndex = 0; path = CampusNavigatorUITests.xctest; sourceTree = BUILT_PRODUCTS_DIR; };
/* End PBXFileReference section */

/* Begin PBXFileSystemSynchronizedRootGroup section */
		BE0CACFA2DF4000C00A87C2F /* CampusNavigator */ = {
			isa = PBXFileSystemSynchronizedRootGroup;
			path = CampusNavigator;
			sourceTree = "<group>";
		};
		BE0CAD082DF4000D00A87C2F /* CampusNavigatorTests */ = {
			isa = PBXFileSystemSynchronizedRootGroup;
			path = CampusNavigatorTests;
			sourceTree = "<group>";
		};
		BE0CAD122DF4000D00A87C2F /* CampusNavigatorUITests */ = {
			isa = PBXFileSystemSynchronizedRootGroup;
			path = CampusNavigatorUITests;
			sourceTree = "<group>";
		};
/* End PBXFileSystemSynchronizedRootGroup section */

/* Begin PBXFrameworksBuildPhase section */
		BE0CACF52DF4000C00A87C2F /* Frameworks */ = {
			isa = PBXFrameworksBuildPhase;
			buildActionMask = 2147483647;
			files = (
			);
			runOnlyForDeploymentPostprocessing = 0;
		};
		BE0CAD022DF4000D00A87C2F /* Frameworks */ = {
			isa = PBXFrameworksBuildPhase;
			buildActionMask = 2147483647;
			files = (
			);
			runOnlyForDeploymentPostprocessing = 0;
		};
		BE0CAD0C2DF4000D00A87C2F /* Frameworks */ = {
			isa = PBXFrameworksBuildPhase;
			buildActionMask = 2147483647;
			files = (
			);
			runOnlyForDeploymentPostprocessing = 0;
		};
/* End PBXFrameworksBuildPhase section */

/* Begin PBXGroup section */
		BE0CACEF2DF4000C00A87C2F = {
			isa = PBXGroup;
			children = (
				BE0CACFA2DF4000C00A87C2F /* CampusNavigator */,
				BE0CAD082DF4000D00A87C2F /* CampusNavigatorTests */,
				BE0CAD122DF4000D00A87C2F /* CampusNavigatorUITests */,
				BE0CACF92DF4000C00A87C2F /* Products */,
			);
			sourceTree = "<group>";
		};
		BE0CACF92DF4000C00A87C2F /* Products */ = {
			isa = PBXGroup;
			children = (
				BE0CACF82DF4000C00A87C2F /* CampusNavigator.app */,
				BE0CAD052DF4000D00A87C2F /* CampusNavigatorTests.xctest */,
				BE0CAD0F2DF4000D00A87C2F /* CampusNavigatorUITests.xctest */,
			);
			name = Products;
			sourceTree = "<group>";
		};
/* End PBXGroup section */

/* Begin PBXNativeTarget section */
		BE0CACF72DF4000C00A87C2F /* CampusNavigator */ = {
			isa = PBXNativeTarget;
			buildConfigurationList = BE0CAD192DF4000D00A87C2F /* Build configuration list for PBXNativeTarget "CampusNavigator" */;
			buildPhases = (
				BE0CACF42DF4000C00A87C2F /* Sources */,
				BE0CACF52DF4000C00A87C2F /* Frameworks */,
				BE0CACF62DF4000C00A87C2F /* Resources */,
			);
			buildRules = (
			);
			dependencies = (
			);
			fileSystemSynchronizedGroups = (
				BE0CACFA2DF4000C00A87C2F /* CampusNavigator */,
			);
			name = CampusNavigator;
			packageProductDependencies = (
			);
			productName = CampusNavigator;
			productReference = BE0CACF82DF4000C00A87C2F /* CampusNavigator.app */;
			productType = "com.apple.product-type.application";
		};
		BE0CAD042DF4000D00A87C2F /* CampusNavigatorTests */ = {
			isa = PBXNativeTarget;
			buildConfigurationList = BE0CAD1C2DF4000D00A87C2F /* Build configuration list for PBXNativeTarget "CampusNavigatorTests" */;
			buildPhases = (
				BE0CAD012DF4000D00A87C2F /* Sources */,
				BE0CAD022DF4000D00A87C2F /* Frameworks */,
				BE0CAD032DF4000D00A87C2F /* Resources */,
			);
			buildRules = (
			);
			dependencies = (
				BE0CAD072DF4000D00A87C2F /* PBXTargetDependency */,
			);
			fileSystemSynchronizedGroups = (
				BE0CAD082DF4000D00A87C2F /* CampusNavigatorTests */,
			);
			name = CampusNavigatorTests;
			packageProductDependencies = (
			);
			productName = CampusNavigatorTests;
			productReference = BE0CAD052DF4000D00A87C2F /* CampusNavigatorTests.xctest */;
			productType = "com.apple.product-type.bundle.unit-test";
		};
		BE0CAD0E2DF4000D00A87C2F /* CampusNavigatorUITests */ = {
			isa = PBXNativeTarget;
			buildConfigurationList = BE0CAD1F2DF4000D00A87C2F /* Build configuration list for PBXNativeTarget "CampusNavigatorUITests" */;
			buildPhases = (
				BE0CAD0B2DF4000D00A87C2F /* Sources */,
				BE0CAD0C2DF4000D00A87C2F /* Frameworks */,
				BE0CAD0D2DF4000D00A87C2F /* Resources */,
			);
			buildRules = (
			);
			dependencies = (
				BE0CAD112DF4000D00A87C2F /* PBXTargetDependency */,
			);
			fileSystemSynchronizedGroups = (
				BE0CAD122DF4000D00A87C2F /* CampusNavigatorUITests */,
			);
			name = CampusNavigatorUITests;
			packageProductDependencies = (
			);
			productName = CampusNavigatorUITests;
			productReference = BE0CAD0F2DF4000D00A87C2F /* CampusNavigatorUITests.xctest */;
			productType = "com.apple.product-type.bundle.ui-testing";
		};
/* End PBXNativeTarget section */

/* Begin PBXProject section */
		BE0CACF02DF4000C00A87C2F /* Project object */ = {
			isa = PBXProject;
			attributes = {
				BuildIndependentTargetsInParallel = 1;
				LastSwiftUpdateCheck = 1630;
				LastUpgradeCheck = 1630;
				TargetAttributes = {
					BE0CACF72DF4000C00A87C2F = {
						CreatedOnToolsVersion = 16.3;
						LastSwiftMigration = 1630;
					};
					BE0CAD042DF4000D00A87C2F = {
						CreatedOnToolsVersion = 16.3;
						TestTargetID = BE0CACF72DF4000C00A87C2F;
					};
					BE0CAD0E2DF4000D00A87C2F = {
						CreatedOnToolsVersion = 16.3;
						TestTargetID = BE0CACF72DF4000C00A87C2F;
					};
				};
			};
			buildConfigurationList = BE0CACF32DF4000C00A87C2F /* Build configuration list for PBXProject "CampusNavigator" */;
			developmentRegion = en;
			hasScannedForEncodings = 0;
			knownRegions = (
				en,
				Base,
			);
			mainGroup = BE0CACEF2DF4000C00A87C2F;
			minimizedProjectReferenceProxies = 1;
			preferredProjectObjectVersion = 77;
			productRefGroup = BE0CACF92DF4000C00A87C2F /* Products */;
			projectDirPath = "";
			projectRoot = "";
			targets = (
				BE0CACF72DF4000C00A87C2F /* CampusNavigator */,
				BE0CAD042DF4000D00A87C2F /* CampusNavigatorTests */,
				BE0CAD0E2DF4000D00A87C2F /* CampusNavigatorUITests */,
			);
		};
/* End PBXProject section */

/* Begin PBXResourcesBuildPhase section */
		BE0CACF62DF4000C00A87C2F /* Resources */ = {
			isa = PBXResourcesBuildPhase;
			buildActionMask = 2147483647;
			files = (
			);
			runOnlyForDeploymentPostprocessing = 0;
		};
		BE0CAD032DF4000D00A87C2F /* Resources */ = {
			isa = PBXResourcesBuildPhase;
			buildActionMask = 2147483647;
			files = (
			);
			runOnlyForDeploymentPostprocessing = 0;
		};
		BE0CAD0D2DF4000D00A87C2F /* Resources */ = {
			isa = PBXResourcesBuildPhase;
			buildActionMask = 2147483647;
			files = (
			);
			runOnlyForDeploymentPostprocessing = 0;
		};
/* End PBXResourcesBuildPhase section */

/* Begin PBXSourcesBuildPhase section */
		BE0CACF42DF4000C00A87C2F /* Sources */ = {
			isa = PBXSourcesBuildPhase;
			buildActionMask = 2147483647;
			files = (
			);
			runOnlyForDeploymentPostprocessing = 0;
		};
		BE0CAD012DF4000D00A87C2F /* Sources */ = {
			isa = PBXSourcesBuildPhase;
			buildActionMask = 2147483647;
			files = (
			);
			runOnlyForDeploymentPostprocessing = 0;
		};
		BE0CAD0B2DF4000D00A87C2F /* Sources */ = {
			isa = PBXSourcesBuildPhase;
			buildActionMask = 2147483647;
			files = (
			);
			runOnlyForDeploymentPostprocessing = 0;
		};
/* End PBXSourcesBuildPhase section */

/* Begin PBXTargetDependency section */
		BE0CAD072DF4000D00A87C2F /* PBXTargetDependency */ = {
			isa = PBXTargetDependency;
			target = BE0CACF72DF4000C00A87C2F /* CampusNavigator */;
			targetProxy = BE0CAD062DF4000D00A87C2F /* PBXContainerItemProxy */;
		};
		BE0CAD112DF4000D00A87C2F /* PBXTargetDependency */ = {
			isa = PBXTargetDependency;
			target = BE0CACF72DF4000C00A87C2F /* CampusNavigator */;
			targetProxy = BE0CAD102DF4000D00A87C2F /* PBXContainerItemProxy */;
		};
/* End PBXTargetDependency section */

/* Begin XCBuildConfiguration section */
		BE0CAD172DF4000D00A87C2F /* Debug */ = {
			isa = XCBuildConfiguration;
			buildSettings = {
				ALWAYS_SEARCH_USER_PATHS = NO;
				ASSETCATALOG_COMPILER_GENERATE_SWIFT_ASSET_SYMBOL_EXTENSIONS = YES;
				CLANG_ANALYZER_NONNULL = YES;
				CLANG_ANALYZER_NUMBER_OBJECT_CONVERSION = YES_AGGRESSIVE;
				CLANG_CXX_LANGUAGE_STANDARD = "gnu++20";
				CLANG_ENABLE_MODULES = YES;
				CLANG_ENABLE_OBJC_ARC = YES;
				CLANG_ENABLE_OBJC_WEAK = YES;
				CLANG_WARN_BLOCK_CAPTURE_AUTORELEASING = YES;
				CLANG_WARN_BOOL_CONVERSION = YES;
				CLANG_WARN_COMMA = YES;
				CLANG_WARN_CONSTANT_CONVERSION = YES;
				CLANG_WARN_DEPRECATED_OBJC_IMPLEMENTATIONS = YES;
				CLANG_WARN_DIRECT_OBJC_ISA_USAGE = YES_ERROR;
				CLANG_WARN_DOCUMENTATION_COMMENTS = YES;
				CLANG_WARN_EMPTY_BODY = YES;
				CLANG_WARN_ENUM_CONVERSION = YES;
				CLANG_WARN_INFINITE_RECURSION = YES;
				CLANG_WARN_INT_CONVERSION = YES;
				CLANG_WARN_NON_LITERAL_NULL_CONVERSION = YES;
				CLANG_WARN_OBJC_IMPLICIT_RETAIN_SELF = YES;
				CLANG_WARN_OBJC_LITERAL_CONVERSION = YES;
				CLANG_WARN_OBJC_ROOT_CLASS = YES_ERROR;
				CLANG_WARN_QUOTED_INCLUDE_IN_FRAMEWORK_HEADER = YES;
				CLANG_WARN_RANGE_LOOP_ANALYSIS = YES;
				CLANG_WARN_STRICT_PROTOTYPES = YES;
				CLANG_WARN_SUSPICIOUS_MOVE = YES;
				CLANG_WARN_UNGUARDED_AVAILABILITY = YES_AGGRESSIVE;
				CLANG_WARN_UNREACHABLE_CODE = YES;
				CLANG_WARN__DUPLICATE_METHOD_MATCH = YES;
				COPY_PHASE_STRIP = NO;
				DEBUG_INFORMATION_FORMAT = dwarf;
				ENABLE_STRICT_OBJC_MSGSEND = YES;
				ENABLE_TESTABILITY = YES;
				ENABLE_USER_SCRIPT_SANDBOXING = YES;
				GCC_C_LANGUAGE_STANDARD = gnu17;
				GCC_DYNAMIC_NO_PIC = NO;
				GCC_NO_COMMON_BLOCKS = YES;
				GCC_OPTIMIZATION_LEVEL = 0;
				GCC_PREPROCESSOR_DEFINITIONS = (
					"DEBUG=1",
					"$(inherited)",
				);
				GCC_WARN_64_TO_32_BIT_CONVERSION = YES;
				GCC_WARN_ABOUT_RETURN_TYPE = YES_ERROR;
				GCC_WARN_UNDECLARED_SELECTOR = YES;
				GCC_WARN_UNINITIALIZED_AUTOS = YES_AGGRESSIVE;
				GCC_WARN_UNUSED_FUNCTION = YES;
				GCC_WARN_UNUSED_VARIABLE = YES;
				IPHONEOS_DEPLOYMENT_TARGET = 18.4;
				LOCALIZATION_PREFERS_STRING_CATALOGS = YES;
				MTL_ENABLE_DEBUG_INFO = INCLUDE_SOURCE;
				MTL_FAST_MATH = YES;
				ONLY_ACTIVE_ARCH = YES;
				SDKROOT = iphoneos;
				SWIFT_ACTIVE_COMPILATION_CONDITIONS = "DEBUG $(inherited)";
				SWIFT_OPTIMIZATION_LEVEL = "-Onone";
			};
			name = Debug;
		};
		BE0CAD182DF4000D00A87C2F /* Release */ = {
			isa = XCBuildConfiguration;
			buildSettings = {
				ALWAYS_SEARCH_USER_PATHS = NO;
				ASSETCATALOG_COMPILER_GENERATE_SWIFT_ASSET_SYMBOL_EXTENSIONS = YES;
				CLANG_ANALYZER_NONNULL = YES;
				CLANG_ANALYZER_NUMBER_OBJECT_CONVERSION = YES_AGGRESSIVE;
				CLANG_CXX_LANGUAGE_STANDARD = "gnu++20";
				CLANG_ENABLE_MODULES = YES;
				CLANG_ENABLE_OBJC_ARC = YES;
				CLANG_ENABLE_OBJC_WEAK = YES;
				CLANG_WARN_BLOCK_CAPTURE_AUTORELEASING = YES;
				CLANG_WARN_BOOL_CONVERSION = YES;
				CLANG_WARN_COMMA = YES;
				CLANG_WARN_CONSTANT_CONVERSION = YES;
				CLANG_WARN_DEPRECATED_OBJC_IMPLEMENTATIONS = YES;
				CLANG_WARN_DIRECT_OBJC_ISA_USAGE = YES_ERROR;
				CLANG_WARN_DOCUMENTATION_COMMENTS = YES;
				CLANG_WARN_EMPTY_BODY = YES;
				CLANG_WARN_ENUM_CONVERSION = YES;
				CLANG_WARN_INFINITE_RECURSION = YES;
				CLANG_WARN_INT_CONVERSION = YES;
				CLANG_WARN_NON_LITERAL_NULL_CONVERSION = YES;
				CLANG_WARN_OBJC_IMPLICIT_RETAIN_SELF = YES;
				CLANG_WARN_OBJC_LITERAL_CONVERSION = YES;
				CLANG_WARN_OBJC_ROOT_CLASS = YES_ERROR;
				CLANG_WARN_QUOTED_INCLUDE_IN_FRAMEWORK_HEADER = YES;
				CLANG_WARN_RANGE_LOOP_ANALYSIS = YES;
				CLANG_WARN_STRICT_PROTOTYPES = YES;
				CLANG_WARN_SUSPICIOUS_MOVE = YES;
				CLANG_WARN_UNGUARDED_AVAILABILITY = YES_AGGRESSIVE;
				CLANG_WARN_UNREACHABLE_CODE = YES;
				CLANG_WARN__DUPLICATE_METHOD_MATCH = YES;
				COPY_PHASE_STRIP = NO;
				DEBUG_INFORMATION_FORMAT = "dwarf-with-dsym";
				ENABLE_NS_ASSERTIONS = NO;
				ENABLE_STRICT_OBJC_MSGSEND = YES;
				ENABLE_USER_SCRIPT_SANDBOXING = YES;
				GCC_C_LANGUAGE_STANDARD = gnu17;
				GCC_NO_COMMON_BLOCKS = YES;
				GCC_WARN_64_TO_32_BIT_CONVERSION = YES;
				GCC_WARN_ABOUT_RETURN_TYPE = YES_ERROR;
				GCC_WARN_UNDECLARED_SELECTOR = YES;
				GCC_WARN_UNINITIALIZED_AUTOS = YES_AGGRESSIVE;
				GCC_WARN_UNUSED_FUNCTION = YES;
				GCC_WARN_UNUSED_VARIABLE = YES;
				IPHONEOS_DEPLOYMENT_TARGET = 18.4;
				LOCALIZATION_PREFERS_STRING_CATALOGS = YES;
				MTL_ENABLE_DEBUG_INFO = NO;
				MTL_FAST_MATH = YES;
				SDKROOT = iphoneos;
				SWIFT_COMPILATION_MODE = wholemodule;
				VALIDATE_PRODUCT = YES;
			};
			name = Release;
		};
		BE0CAD1A2DF4000D00A87C2F /* Debug */ = {
			isa = XCBuildConfiguration;
			buildSettings = {
				ASSETCATALOG_COMPILER_APPICON_NAME = AppIcon;
				ASSETCATALOG_COMPILER_GLOBAL_ACCENT_COLOR_NAME = AccentColor;
				CLANG_ENABLE_MODULES = YES;
				CODE_SIGN_STYLE = Automatic;
				CURRENT_PROJECT_VERSION = 1;
				ENABLE_PREVIEWS = YES;
				GENERATE_INFOPLIST_FILE = YES;
				INFOPLIST_KEY_UIApplicationSceneManifest_Generation = YES;
				INFOPLIST_KEY_UIApplicationSupportsIndirectInputEvents = YES;
				INFOPLIST_KEY_UILaunchScreen_Generation = YES;
				INFOPLIST_KEY_UISupportedInterfaceOrientations_iPad = "UIInterfaceOrientationPortrait UIInterfaceOrientationPortraitUpsideDown UIInterfaceOrientationLandscapeLeft UIInterfaceOrientationLandscapeRight";
				INFOPLIST_KEY_UISupportedInterfaceOrientations_iPhone = "UIInterfaceOrientationPortrait UIInterfaceOrientationLandscapeLeft UIInterfaceOrientationLandscapeRight";
				LD_RUNPATH_SEARCH_PATHS = (
					"$(inherited)",
					"@executable_path/Frameworks",
				);
				MARKETING_VERSION = 1.0;
				PRODUCT_BUNDLE_IDENTIFIER = NIBM.CampusNavigator;
				PRODUCT_NAME = "$(TARGET_NAME)";
				SWIFT_EMIT_LOC_STRINGS = YES;
				SWIFT_OPTIMIZATION_LEVEL = "-Onone";
				SWIFT_VERSION = 5.0;
				TARGETED_DEVICE_FAMILY = "1,2";
			};
			name = Debug;
		};
		BE0CAD1B2DF4000D00A87C2F /* Release */ = {
			isa = XCBuildConfiguration;
			buildSettings = {
				ASSETCATALOG_COMPILER_APPICON_NAME = AppIcon;
				ASSETCATALOG_COMPILER_GLOBAL_ACCENT_COLOR_NAME = AccentColor;
				CLANG_ENABLE_MODULES = YES;
				CODE_SIGN_STYLE = Automatic;
				CURRENT_PROJECT_VERSION = 1;
				ENABLE_PREVIEWS = YES;
				GENERATE_INFOPLIST_FILE = YES;
				INFOPLIST_KEY_UIApplicationSceneManifest_Generation = YES;
				INFOPLIST_KEY_UIApplicationSupportsIndirectInputEvents = YES;
				INFOPLIST_KEY_UILaunchScreen_Generation = YES;
				INFOPLIST_KEY_UISupportedInterfaceOrientations_iPad = "UIInterfaceOrientationPortrait UIInterfaceOrientationPortraitUpsideDown UIInterfaceOrientationLandscapeLeft UIInterfaceOrientationLandscapeRight";
				INFOPLIST_KEY_UISupportedInterfaceOrientations_iPhone = "UIInterfaceOrientationPortrait UIInterfaceOrientationLandscapeLeft UIInterfaceOrientationLandscapeRight";
				LD_RUNPATH_SEARCH_PATHS = (
					"$(inherited)",
					"@executable_path/Frameworks",
				);
				MARKETING_VERSION = 1.0;
				PRODUCT_BUNDLE_IDENTIFIER = NIBM.CampusNavigator;
				PRODUCT_NAME = "$(TARGET_NAME)";
				SWIFT_EMIT_LOC_STRINGS = YES;
				SWIFT_VERSION = 5.0;
				TARGETED_DEVICE_FAMILY = "1,2";
			};
			name = Release;
		};
		BE0CAD1D2DF4000D00A87C2F /* Debug */ = {
			isa = XCBuildConfiguration;
			buildSettings = {
				BUNDLE_LOADER = "$(TEST_HOST)";
				CODE_SIGN_STYLE = Automatic;
				CURRENT_PROJECT_VERSION = 1;
				GENERATE_INFOPLIST_FILE = YES;
				IPHONEOS_DEPLOYMENT_TARGET = 18.4;
				MARKETING_VERSION = 1.0;
				PRODUCT_BUNDLE_IDENTIFIER = NIBM.CampusNavigatorTests;
				PRODUCT_NAME = "$(TARGET_NAME)";
				SWIFT_EMIT_LOC_STRINGS = NO;
				SWIFT_VERSION = 5.0;
				TARGETED_DEVICE_FAMILY = "1,2";
				TEST_HOST = "$(BUILT_PRODUCTS_DIR)/CampusNavigator.app/$(BUNDLE_EXECUTABLE_FOLDER_PATH)/CampusNavigator";
			};
			name = Debug;
		};
		BE0CAD1E2DF4000D00A87C2F /* Release */ = {
			isa = XCBuildConfiguration;
			buildSettings = {
				BUNDLE_LOADER = "$(TEST_HOST)";
				CODE_SIGN_STYLE = Automatic;
				CURRENT_PROJECT_VERSION = 1;
				GENERATE_INFOPLIST_FILE = YES;
				IPHONEOS_DEPLOYMENT_TARGET = 18.4;
				MARKETING_VERSION = 1.0;
				PRODUCT_BUNDLE_IDENTIFIER = NIBM.CampusNavigatorTests;
				PRODUCT_NAME = "$(TARGET_NAME)";
				SWIFT_EMIT_LOC_STRINGS = NO;
				SWIFT_VERSION = 5.0;
				TARGETED_DEVICE_FAMILY = "1,2";
				TEST_HOST = "$(BUILT_PRODUCTS_DIR)/CampusNavigator.app/$(BUNDLE_EXECUTABLE_FOLDER_PATH)/CampusNavigator";
			};
			name = Release;
		};
		BE0CAD202DF4000D00A87C2F /* Debug */ = {
			isa = XCBuildConfiguration;
			buildSettings = {
				CODE_SIGN_STYLE = Automatic;
				CURRENT_PROJECT_VERSION = 1;
				GENERATE_INFOPLIST_FILE = YES;
				MARKETING_VERSION = 1.0;
				PRODUCT_BUNDLE_IDENTIFIER = NIBM.CampusNavigatorUITests;
				PRODUCT_NAME = "$(TARGET_NAME)";
				SWIFT_EMIT_LOC_STRINGS = NO;
				SWIFT_VERSION = 5.0;
				TARGETED_DEVICE_FAMILY = "1,2";
				TEST_TARGET_NAME = CampusNavigator;
			};
			name = Debug;
		};
		BE0CAD212DF4000D00A87C2F /* Release */ = {
			isa = XCBuildConfiguration;
			buildSettings = {
				CODE_SIGN_STYLE = Automatic;
				CURRENT_PROJECT_VERSION = 1;
				GENERATE_INFOPLIST_FILE = YES;
				MARKETING_VERSION = 1.0;
				PRODUCT_BUNDLE_IDENTIFIER = NIBM.CampusNavigatorUITests;
				PRODUCT_NAME = "$(TARGET_NAME)";
				SWIFT_EMIT_LOC_STRINGS = NO;
				SWIFT_VERSION = 5.0;
				TARGETED_DEVICE_FAMILY = "1,2";
				TEST_TARGET_NAME = CampusNavigator;
			};
			name = Release;
		};
/* End XCBuildConfiguration section */

/* Begin XCConfigurationList section */
		BE0CACF32DF4000C00A87C2F /* Build configuration list for PBXProject "CampusNavigator" */ = {
			isa = XCConfigurationList;
			buildConfigurations = (
				BE0CAD172DF4000D00A87C2F /* Debug */,
				BE0CAD182DF4000D00A87C2F /* Release */,
			);
			defaultConfigurationIsVisible = 0;
			defaultConfigurationName = Release;
		};
		BE0CAD192DF4000D00A87C2F /* Build configuration list for PBXNativeTarget "CampusNavigator" */ = {
			isa = XCConfigurationList;
			buildConfigurations = (
				BE0CAD1A2DF4000D00A87C2F /* Debug */,
				BE0CAD1B2DF4000D00A87C2F /* Release */,
			);
			defaultConfigurationIsVisible = 0;
			defaultConfigurationName = Release;
		};
		BE0CAD1C2DF4000D00A87C2F /* Build configuration list for PBXNativeTarget "CampusNavigatorTests" */ = {
			isa = XCConfigurationList;
			buildConfigurations = (
				BE0CAD1D2DF4000D00A87C2F /* Debug */,
				BE0CAD1E2DF4000D00A87C2F /* Release */,
			);
			defaultConfigurationIsVisible = 0;
			defaultConfigurationName = Release;
		};
		BE0CAD1F2DF4000D00A87C2F /* Build configuration list for PBXNativeTarget "CampusNavigatorUITests" */ = {
			isa = XCConfigurationList;
			buildConfigurations = (
				BE0CAD202DF4000D00A87C2F /* Debug */,
				BE0CAD212DF4000D00A87C2F /* Release */,
			);
			defaultConfigurationIsVisible = 0;
			defaultConfigurationName = Release;
		};
/* End XCConfigurationList section */
	};
	rootObject = BE0CACF02DF4000C00A87C2F /* Project object */;
}
